
Microsoft Visual Studio Solution File, Format Version 12.00
# Visual Studio Version 17
VisualStudioVersion = 17.9.34723.18
MinimumVisualStudioVersion = 10.0.40219.1
Project("{FAE04EC0-301F-11D3-BF4B-00C04F79EFBC}") = "WebApplicationGameStore", "WebApplicationGameStore\WebApplicationGameStore.csproj", "{F9EAD51B-1095-44D9-AD62-6C670907C899}"
EndProject
Global
	GlobalSection(SolutionConfigurationPlatforms) = preSolution
		Debug|Any CPU = Debug|Any CPU
		Release|Any CPU = Release|Any CPU
	EndGlobalSection
	GlobalSection(ProjectConfigurationPlatforms) = postSolution
		{F9EAD51B-1095-44D9-AD62-6C670907C899}.Debug|Any CPU.ActiveCfg = Debug|Any CPU
		{F9EAD51B-1095-44D9-AD62-6C670907C899}.Debug|Any CPU.Build.0 = Debug|Any CPU
		{F9EAD51B-1095-44D9-AD62-6C670907C899}.Release|Any CPU.ActiveCfg = Release|Any CPU
		{F9EAD51B-1095-44D9-AD62-6C670907C899}.Release|Any CPU.Build.0 = Release|Any CPU
	EndGlobalSection
	GlobalSection(SolutionProperties) = preSolution
		HideSolutionNode = FALSE
	EndGlobalSection
	GlobalSection(ExtensibilityGlobals) = postSolution
		SolutionGuid = {10D99AB9-94E8-4091-853C-10C87F6612FC}
	EndGlobalSection
EndGlobal
